
Microsoft Visual Studio Solution File, Format Version 12.00
# Visual Studio Version 17
VisualStudioVersion = 17.7.34003.232
MinimumVisualStudioVersion = 10.0.40219.1
Project("{FAE04EC0-301F-11D3-BF4B-00C04F79EFBC}") = "AP Pay", "AP Pay\AP Pay.csproj", "{EDF76C87-5C0F-40DE-B8EC-9ADB7F96C0A6}"
EndProject
Global
	GlobalSection(SolutionConfigurationPlatforms) = preSolution
		Debug|Any CPU = Debug|Any CPU
		Release|Any CPU = Release|Any CPU
	EndGlobalSection
	GlobalSection(ProjectConfigurationPlatforms) = postSolution
		{EDF76C87-5C0F-40DE-B8EC-9ADB7F96C0A6}.Debug|Any CPU.ActiveCfg = Debug|Any CPU
		{EDF76C87-5C0F-40DE-B8EC-9ADB7F96C0A6}.Debug|Any CPU.Build.0 = Debug|Any CPU
		{EDF76C87-5C0F-40DE-B8EC-9ADB7F96C0A6}.Release|Any CPU.ActiveCfg = Release|Any CPU
		{EDF76C87-5C0F-40DE-B8EC-9ADB7F96C0A6}.Release|Any CPU.Build.0 = Release|Any CPU
	EndGlobalSection
	GlobalSection(SolutionProperties) = preSolution
		HideSolutionNode = FALSE
	EndGlobalSection
	GlobalSection(ExtensibilityGlobals) = postSolution
		SolutionGuid = {1A90E052-BCF0-4E6C-974B-4B61E2074305}
	EndGlobalSection
EndGlobal
